
Microsoft Visual Studio Solution File, Format Version 12.00
Project("{FAE04EC0-301F-11D3-BF4B-00C04F79EFBC}") = "Dante", "Dante\Dante.csproj", "{F63A87A6-1889-45DB-9A3F-589D4E2C68AE}"
EndProject
Project("{FAE04EC0-301F-11D3-BF4B-00C04F79EFBC}") = "Sample", "Sample\Sample.csproj", "{DDDDE42E-B1C1-448F-8A7F-8770111595D5}"
EndProject
Global
	GlobalSection(SolutionConfigurationPlatforms) = preSolution
		Debug|Any CPU = Debug|Any CPU
		Release|Any CPU = Release|Any CPU
	EndGlobalSection
	GlobalSection(ProjectConfigurationPlatforms) = postSolution
		{F63A87A6-1889-45DB-9A3F-589D4E2C68AE}.Debug|Any CPU.ActiveCfg = Debug|Any CPU
		{F63A87A6-1889-45DB-9A3F-589D4E2C68AE}.Debug|Any CPU.Build.0 = Debug|Any CPU
		{F63A87A6-1889-45DB-9A3F-589D4E2C68AE}.Release|Any CPU.ActiveCfg = Release|Any CPU
		{F63A87A6-1889-45DB-9A3F-589D4E2C68AE}.Release|Any CPU.Build.0 = Release|Any CPU
		{DDDDE42E-B1C1-448F-8A7F-8770111595D5}.Debug|Any CPU.ActiveCfg = Debug|Any CPU
		{DDDDE42E-B1C1-448F-8A7F-8770111595D5}.Debug|Any CPU.Build.0 = Debug|Any CPU
		{DDDDE42E-B1C1-448F-8A7F-8770111595D5}.Release|Any CPU.ActiveCfg = Release|Any CPU
		{DDDDE42E-B1C1-448F-8A7F-8770111595D5}.Release|Any CPU.Build.0 = Release|Any CPU
	EndGlobalSection
EndGlobal
